
Microsoft Visual Studio Solution File, Format Version 12.00
# Visual Studio Version 17
VisualStudioVersion = 17.14.36109.1
MinimumVisualStudioVersion = 10.0.40219.1
Project("{FAE04EC0-301F-11D3-BF4B-00C04F79EFBC}") = "AccountingManagement.Domain", "AccountingManagement.Domain\AccountingManagement.Domain.csproj", "{0EAB87F0-1575-444A-8881-C12F5090B6A0}"
EndProject
Project("{FAE04EC0-301F-11D3-BF4B-00C04F79EFBC}") = "AccountingManagement.Application", "AccountingManagement.Application\AccountingManagement.Application.csproj", "{C63795D7-3139-44D1-AEB3-A11890AD579D}"
EndProject
Project("{FAE04EC0-301F-11D3-BF4B-00C04F79EFBC}") = "AccountingManagement.Infrastructure", "AccountingManagement.Infrastructure\AccountingManagement.Infrastructure.csproj", "{33FB4224-A80D-4D3D-BEB9-49E4F978938C}"
EndProject
Project("{FAE04EC0-301F-11D3-BF4B-00C04F79EFBC}") = "AccountingManagement.UI.Maui", "AccountingManagement.UI.Maui\AccountingManagement.UI.Maui.csproj", "{0DA1D090-C0AA-4A4A-A828-6766CC89CC93}"
EndProject
Global
	GlobalSection(SolutionConfigurationPlatforms) = preSolution
		Debug|Any CPU = Debug|Any CPU
		Release|Any CPU = Release|Any CPU
	EndGlobalSection
	GlobalSection(ProjectConfigurationPlatforms) = postSolution
		{0EAB87F0-1575-444A-8881-C12F5090B6A0}.Debug|Any CPU.ActiveCfg = Debug|Any CPU
		{0EAB87F0-1575-444A-8881-C12F5090B6A0}.Debug|Any CPU.Build.0 = Debug|Any CPU
		{0EAB87F0-1575-444A-8881-C12F5090B6A0}.Release|Any CPU.ActiveCfg = Release|Any CPU
		{0EAB87F0-1575-444A-8881-C12F5090B6A0}.Release|Any CPU.Build.0 = Release|Any CPU
		{C63795D7-3139-44D1-AEB3-A11890AD579D}.Debug|Any CPU.ActiveCfg = Debug|Any CPU
		{C63795D7-3139-44D1-AEB3-A11890AD579D}.Debug|Any CPU.Build.0 = Debug|Any CPU
		{C63795D7-3139-44D1-AEB3-A11890AD579D}.Release|Any CPU.ActiveCfg = Release|Any CPU
		{C63795D7-3139-44D1-AEB3-A11890AD579D}.Release|Any CPU.Build.0 = Release|Any CPU
		{33FB4224-A80D-4D3D-BEB9-49E4F978938C}.Debug|Any CPU.ActiveCfg = Debug|Any CPU
		{33FB4224-A80D-4D3D-BEB9-49E4F978938C}.Debug|Any CPU.Build.0 = Debug|Any CPU
		{33FB4224-A80D-4D3D-BEB9-49E4F978938C}.Release|Any CPU.ActiveCfg = Release|Any CPU
		{33FB4224-A80D-4D3D-BEB9-49E4F978938C}.Release|Any CPU.Build.0 = Release|Any CPU
		{0DA1D090-C0AA-4A4A-A828-6766CC89CC93}.Debug|Any CPU.ActiveCfg = Debug|Any CPU
		{0DA1D090-C0AA-4A4A-A828-6766CC89CC93}.Debug|Any CPU.Build.0 = Debug|Any CPU
		{0DA1D090-C0AA-4A4A-A828-6766CC89CC93}.Release|Any CPU.ActiveCfg = Release|Any CPU
		{0DA1D090-C0AA-4A4A-A828-6766CC89CC93}.Release|Any CPU.Build.0 = Release|Any CPU
	EndGlobalSection
	GlobalSection(SolutionProperties) = preSolution
		HideSolutionNode = FALSE
	EndGlobalSection
	GlobalSection(ExtensibilityGlobals) = postSolution
		SolutionGuid = {0E2E771A-0A5B-4349-BD00-592400C3CE0D}
	EndGlobalSection
EndGlobal
